
Microsoft Visual Studio Solution File, Format Version 12.00
# Visual Studio 15
VisualStudioVersion = 15.0.28307.329
MinimumVisualStudioVersion = 10.0.40219.1
Project("{9A19103F-16F7-4668-BE54-9A1E7A4F7556}") = "Serilog.NodaTime", "Serilog.NodaTime\Serilog.NodaTime.csproj", "{8B3FFB60-5A95-43F2-8AB5-69010F77649E}"
EndProject
Project("{9A19103F-16F7-4668-BE54-9A1E7A4F7556}") = "Serilog.NodaTime.Tests", "Serilog.NodaTime.Tests\Serilog.NodaTime.Tests.csproj", "{720F9F39-A3F9-419E-9B07-7C59CFAEF294}"
EndProject
Global
	GlobalSection(SolutionConfigurationPlatforms) = preSolution
		Debug|Any CPU = Debug|Any CPU
		Release|Any CPU = Release|Any CPU
	EndGlobalSection
	GlobalSection(ProjectConfigurationPlatforms) = postSolution
		{8B3FFB60-5A95-43F2-8AB5-69010F77649E}.Debug|Any CPU.ActiveCfg = Debug|Any CPU
		{8B3FFB60-5A95-43F2-8AB5-69010F77649E}.Debug|Any CPU.Build.0 = Debug|Any CPU
		{8B3FFB60-5A95-43F2-8AB5-69010F77649E}.Release|Any CPU.ActiveCfg = Release|Any CPU
		{8B3FFB60-5A95-43F2-8AB5-69010F77649E}.Release|Any CPU.Build.0 = Release|Any CPU
		{720F9F39-A3F9-419E-9B07-7C59CFAEF294}.Debug|Any CPU.ActiveCfg = Debug|Any CPU
		{720F9F39-A3F9-419E-9B07-7C59CFAEF294}.Debug|Any CPU.Build.0 = Debug|Any CPU
		{720F9F39-A3F9-419E-9B07-7C59CFAEF294}.Release|Any CPU.ActiveCfg = Release|Any CPU
		{720F9F39-A3F9-419E-9B07-7C59CFAEF294}.Release|Any CPU.Build.0 = Release|Any CPU
	EndGlobalSection
	GlobalSection(SolutionProperties) = preSolution
		HideSolutionNode = FALSE
	EndGlobalSection
	GlobalSection(ExtensibilityGlobals) = postSolution
		SolutionGuid = {76FDEF31-7CCE-42C8-91CA-ECC3AB04B28E}
	EndGlobalSection
EndGlobal
